<?xml version="1.0" encoding="utf-8"?>
<Project ToolsVersion="4.0" xmlns="http://schemas.microsoft.com/developer/msbuild/2003">
  <ItemGroup>
    <Filter Include="Main">
      <UniqueIdentifier>{4FC737F1-C7A5-4376-A066-2A32D752A2FF}</UniqueIdentifier>
      <Extensions>cpp;c;cc;cxx;c++;cppm;ixx;def;odl;idl;hpj;bat;asm;asmx</Extensions>
    </Filter>
    <Filter Include="GameManager">
      <UniqueIdentifier>{ffeeb68f-e585-4042-89ce-ea0524de0650}</UniqueIdentifier>
    </Filter>
    <Filter Include="GameManager\Character">
      <UniqueIdentifier>{06f45dc2-4439-4ba9-a634-f34432a1c399}</UniqueIdentifier>
    </Filter>
    <Filter Include="GameManager\Dungeon">
      <UniqueIdentifier>{72fb4b03-9d5d-4a8d-8dbe-a852d7c9651a}</UniqueIdentifier>
    </Filter>
    <Filter Include="GameManager\Shop">
      <UniqueIdentifier>{1fe89b3a-432a-4e8b-b1ab-76d97b9bca7a}</UniqueIdentifier>
    </Filter>
    <Filter Include="BattleManager">
      <UniqueIdentifier>{e0b7d328-6437-4fc0-99fb-f0e96a4d776c}</UniqueIdentifier>
    </Filter>
    <Filter Include="ConsoleHelper">
      <UniqueIdentifier>{78b433c6-a2dc-4c71-8eab-427dd1b3047c}</UniqueIdentifier>
    </Filter>
  </ItemGroup>
  <ItemGroup>
    <ClCompile Include="TextRpg.cpp">
      <Filter>Main</Filter>
    </ClCompile>
    <ClCompile Include="pch.cpp">
      <Filter>Main</Filter>
    </ClCompile>
    <ClCompile Include="GameManager.cpp">
      <Filter>GameManager</Filter>
    </ClCompile>
    <ClCompile Include="Dungeon.cpp">
      <Filter>GameManager\Dungeon</Filter>
    </ClCompile>
    <ClCompile Include="Monster.cpp">
      <Filter>GameManager\Character</Filter>
    </ClCompile>
    <ClCompile Include="Player.cpp">
      <Filter>GameManager\Character</Filter>
    </ClCompile>
    <ClCompile Include="Shop.cpp">
      <Filter>GameManager\Shop</Filter>
    </ClCompile>
    <ClCompile Include="Character.cpp">
      <Filter>GameManager\Character</Filter>
    </ClCompile>
    <ClCompile Include="Item.cpp">
      <Filter>Main</Filter>
    </ClCompile>
    <ClCompile Include="BattleManager.cpp">
      <Filter>BattleManager</Filter>
    </ClCompile>
    <ClCompile Include="Inventory.cpp">
      <Filter>Main</Filter>
    </ClCompile>
    <ClCompile Include="ConsoleHelper.cpp">
      <Filter>ConsoleHelper</Filter>
    </ClCompile>
  </ItemGroup>
  <ItemGroup>
    <ClInclude Include="pch.h" />
    <ClInclude Include="GameManager.h">
      <Filter>GameManager</Filter>
    </ClInclude>
    <ClInclude Include="Dungeon.h">
      <Filter>GameManager\Dungeon</Filter>
    </ClInclude>
    <ClInclude Include="Monster.h">
      <Filter>GameManager\Character</Filter>
    </ClInclude>
    <ClInclude Include="Player.h">
      <Filter>GameManager\Character</Filter>
    </ClInclude>
    <ClInclude Include="Shop.h">
      <Filter>GameManager\Shop</Filter>
    </ClInclude>
    <ClInclude Include="Character.h">
      <Filter>GameManager\Character</Filter>
    </ClInclude>
    <ClInclude Include="Item.h" />
    <ClInclude Include="BattleManager.h">
      <Filter>BattleManager</Filter>
    </ClInclude>
    <ClInclude Include="Inventory.h" />
    <ClInclude Include="ConsoleHelper.h">
      <Filter>ConsoleHelper</Filter>
    </ClInclude>
  </ItemGroup>
</Project>